
Microsoft Visual Studio Solution File, Format Version 12.00
# Visual Studio Version 16
VisualStudioVersion = 16.0.31112.23
MinimumVisualStudioVersion = 10.0.40219.1
Project("{9A19103F-16F7-4668-BE54-9A1E7A4F7556}") = "DataAccess", "DataAccess\DataAccess.csproj", "{A3FDA737-B59D-47BB-8C76-C75278BEFD9B}"
EndProject
Project("{9A19103F-16F7-4668-BE54-9A1E7A4F7556}") = "Business", "Business\Business.csproj", "{FBE421E1-0203-4864-A835-03DC9BE16E86}"
EndProject
Project("{9A19103F-16F7-4668-BE54-9A1E7A4F7556}") = "Entities", "Entities\Entities.csproj", "{D894B879-A811-435D-8482-5A253D6DBAE1}"
EndProject
Project("{9A19103F-16F7-4668-BE54-9A1E7A4F7556}") = "ConsoleUI", "ConsoleUI\ConsoleUI.csproj", "{A1EA1E35-ACBD-4FBF-8985-76A5956CD259}"
EndProject
Project("{9A19103F-16F7-4668-BE54-9A1E7A4F7556}") = "Core", "Core\Core.csproj", "{C35FC87D-DABF-42F1-9224-64B7CD8AB1E0}"
EndProject
Project("{FAE04EC0-301F-11D3-BF4B-00C04F79EFBC}") = "WebAPI", "WebAPI\WebAPI.csproj", "{75433785-F292-45D0-93D5-75CC4062C057}"
EndProject
Global
	GlobalSection(SolutionConfigurationPlatforms) = preSolution
		Debug|Any CPU = Debug|Any CPU
		Release|Any CPU = Release|Any CPU
	EndGlobalSection
	GlobalSection(ProjectConfigurationPlatforms) = postSolution
		{A3FDA737-B59D-47BB-8C76-C75278BEFD9B}.Debug|Any CPU.ActiveCfg = Debug|Any CPU
		{A3FDA737-B59D-47BB-8C76-C75278BEFD9B}.Debug|Any CPU.Build.0 = Debug|Any CPU
		{A3FDA737-B59D-47BB-8C76-C75278BEFD9B}.Release|Any CPU.ActiveCfg = Release|Any CPU
		{A3FDA737-B59D-47BB-8C76-C75278BEFD9B}.Release|Any CPU.Build.0 = Release|Any CPU
		{FBE421E1-0203-4864-A835-03DC9BE16E86}.Debug|Any CPU.ActiveCfg = Debug|Any CPU
		{FBE421E1-0203-4864-A835-03DC9BE16E86}.Debug|Any CPU.Build.0 = Debug|Any CPU
		{FBE421E1-0203-4864-A835-03DC9BE16E86}.Release|Any CPU.ActiveCfg = Release|Any CPU
		{FBE421E1-0203-4864-A835-03DC9BE16E86}.Release|Any CPU.Build.0 = Release|Any CPU
		{D894B879-A811-435D-8482-5A253D6DBAE1}.Debug|Any CPU.ActiveCfg = Debug|Any CPU
		{D894B879-A811-435D-8482-5A253D6DBAE1}.Debug|Any CPU.Build.0 = Debug|Any CPU
		{D894B879-A811-435D-8482-5A253D6DBAE1}.Release|Any CPU.ActiveCfg = Release|Any CPU
		{D894B879-A811-435D-8482-5A253D6DBAE1}.Release|Any CPU.Build.0 = Release|Any CPU
		{A1EA1E35-ACBD-4FBF-8985-76A5956CD259}.Debug|Any CPU.ActiveCfg = Debug|Any CPU
		{A1EA1E35-ACBD-4FBF-8985-76A5956CD259}.Debug|Any CPU.Build.0 = Debug|Any CPU
		{A1EA1E35-ACBD-4FBF-8985-76A5956CD259}.Release|Any CPU.ActiveCfg = Release|Any CPU
		{A1EA1E35-ACBD-4FBF-8985-76A5956CD259}.Release|Any CPU.Build.0 = Release|Any CPU
		{C35FC87D-DABF-42F1-9224-64B7CD8AB1E0}.Debug|Any CPU.ActiveCfg = Debug|Any CPU
		{C35FC87D-DABF-42F1-9224-64B7CD8AB1E0}.Debug|Any CPU.Build.0 = Debug|Any CPU
		{C35FC87D-DABF-42F1-9224-64B7CD8AB1E0}.Release|Any CPU.ActiveCfg = Release|Any CPU
		{C35FC87D-DABF-42F1-9224-64B7CD8AB1E0}.Release|Any CPU.Build.0 = Release|Any CPU
		{75433785-F292-45D0-93D5-75CC4062C057}.Debug|Any CPU.ActiveCfg = Debug|Any CPU
		{75433785-F292-45D0-93D5-75CC4062C057}.Debug|Any CPU.Build.0 = Debug|Any CPU
		{75433785-F292-45D0-93D5-75CC4062C057}.Release|Any CPU.ActiveCfg = Release|Any CPU
		{75433785-F292-45D0-93D5-75CC4062C057}.Release|Any CPU.Build.0 = Release|Any CPU
	EndGlobalSection
	GlobalSection(SolutionProperties) = preSolution
		HideSolutionNode = FALSE
	EndGlobalSection
	GlobalSection(ExtensibilityGlobals) = postSolution
		SolutionGuid = {2AA27025-3631-4FFD-9108-5FC90A2471D9}
	EndGlobalSection
EndGlobal
